{
  "name": "@relive/graphhopper-api-client",
  "version": "0.0.8",
  "lockfileVersion": 2,
  "requires": true,
  "packages": {
    "": {
      "name": "@relive/graphhopper-api-client",
      "version": "0.0.8",
      "license": "Apache-2.0",
      "dependencies": {
        "axios": "^0.26.1"
      },
      "devDependencies": {
        "@types/papaparse": "^5.3.2",
        "typescript": "^4.6.3"
      },
      "peerDependencies": {
        "papaparse": "^5.3.2"
      }
    },
    "node_modules/@types/node": {
      "version": "14.0.11",
      "resolved": "https://registry.npmjs.org/@types/node/-/node-14.0.11.tgz",
      "integrity": "sha512-lCvvI24L21ZVeIiyIUHZ5Oflv1hhHQ5E1S25IRlKIXaRkVgmXpJMI3wUJkmym2bTbCe+WoIibQnMVAU3FguaOg==",
      "dev": true
    },
    "node_modules/@types/papaparse": {
      "version": "5.3.2",
      "resolved": "https://registry.npmjs.org/@types/papaparse/-/papaparse-5.3.2.tgz",
      "integrity": "sha512-BNbCHJkTE4RwmAFkCxEalET4mDvGr/1ld7ZtQ4i/laWI/iiVt+GL07stdvufle4KfywyvloqqpIiJscXNCrKxA==",
      "dev": true,
      "dependencies": {
        "@types/node": "*"
      }
    },
    "node_modules/axios": {
      "version": "0.26.1",
      "resolved": "https://registry.npmjs.org/axios/-/axios-0.26.1.tgz",
      "integrity": "sha512-fPwcX4EvnSHuInCMItEhAGnaSEXRBjtzh9fOtsE6E1G6p7vl7edEeZe11QHf18+6+9gR5PbKV/sGKNaD8YaMeA==",
      "dependencies": {
        "follow-redirects": "^1.14.8"
      }
    },
    "node_modules/follow-redirects": {
      "version": "1.15.4",
      "resolved": "https://registry.npmjs.org/follow-redirects/-/follow-redirects-1.15.4.tgz",
      "integrity": "sha512-Cr4D/5wlrb0z9dgERpUL3LrmPKVDsETIJhaCMeDfuFYcqa5bldGV6wBsAN6X/vxlXQtFBMrXdXxdL8CbDTGniw==",
      "funding": [
        {
          "type": "individual",
          "url": "https://github.com/sponsors/RubenVerborgh"
        }
      ],
      "engines": {
        "node": ">=4.0"
      },
      "peerDependenciesMeta": {
        "debug": {
          "optional": true
        }
      }
    },
    "node_modules/papaparse": {
      "version": "5.3.2",
      "resolved": "https://registry.npmjs.org/papaparse/-/papaparse-5.3.2.tgz",
      "integrity": "sha512-6dNZu0Ki+gyV0eBsFKJhYr+MdQYAzFUGlBMNj3GNrmHxmz1lfRa24CjFObPXtjcetlOv5Ad299MhIK0znp3afw==",
      "peer": true
    },
    "node_modules/typescript": {
      "version": "4.6.3",
      "resolved": "https://registry.npmjs.org/typescript/-/typescript-4.6.3.tgz",
      "integrity": "sha512-yNIatDa5iaofVozS/uQJEl3JRWLKKGJKh6Yaiv0GLGSuhpFJe7P3SbHZ8/yjAHRQwKRoA6YZqlfjXWmVzoVSMw==",
      "dev": true,
      "bin": {
        "tsc": "bin/tsc",
        "tsserver": "bin/tsserver"
      },
      "engines": {
        "node": ">=4.2.0"
      }
    }
  },
  "dependencies": {
    "@types/node": {
      "version": "14.0.11",
      "resolved": "https://registry.npmjs.org/@types/node/-/node-14.0.11.tgz",
      "integrity": "sha512-lCvvI24L21ZVeIiyIUHZ5Oflv1hhHQ5E1S25IRlKIXaRkVgmXpJMI3wUJkmym2bTbCe+WoIibQnMVAU3FguaOg==",
      "dev": true
    },
    "@types/papaparse": {
      "version": "5.3.2",
      "resolved": "https://registry.npmjs.org/@types/papaparse/-/papaparse-5.3.2.tgz",
      "integrity": "sha512-BNbCHJkTE4RwmAFkCxEalET4mDvGr/1ld7ZtQ4i/laWI/iiVt+GL07stdvufle4KfywyvloqqpIiJscXNCrKxA==",
      "dev": true,
      "requires": {
        "@types/node": "*"
      }
    },
    "axios": {
      "version": "0.26.1",
      "resolved": "https://registry.npmjs.org/axios/-/axios-0.26.1.tgz",
      "integrity": "sha512-fPwcX4EvnSHuInCMItEhAGnaSEXRBjtzh9fOtsE6E1G6p7vl7edEeZe11QHf18+6+9gR5PbKV/sGKNaD8YaMeA==",
      "requires": {
        "follow-redirects": "^1.14.8"
      }
    },
    "follow-redirects": {
      "version": "1.15.4",
      "resolved": "https://registry.npmjs.org/follow-redirects/-/follow-redirects-1.15.4.tgz",
      "integrity": "sha512-Cr4D/5wlrb0z9dgERpUL3LrmPKVDsETIJhaCMeDfuFYcqa5bldGV6wBsAN6X/vxlXQtFBMrXdXxdL8CbDTGniw=="
    },
    "papaparse": {
      "version": "5.3.2",
      "resolved": "https://registry.npmjs.org/papaparse/-/papaparse-5.3.2.tgz",
      "integrity": "sha512-6dNZu0Ki+gyV0eBsFKJhYr+MdQYAzFUGlBMNj3GNrmHxmz1lfRa24CjFObPXtjcetlOv5Ad299MhIK0znp3afw==",
      "peer": true
    },
    "typescript": {
      "version": "4.6.3",
      "resolved": "https://registry.npmjs.org/typescript/-/typescript-4.6.3.tgz",
      "integrity": "sha512-yNIatDa5iaofVozS/uQJEl3JRWLKKGJKh6Yaiv0GLGSuhpFJe7P3SbHZ8/yjAHRQwKRoA6YZqlfjXWmVzoVSMw==",
      "dev": true
    }
  }
}
