{
  "name": "graphhopper-api-client",
  "version": "0.0.5",
  "lockfileVersion": 1,
  "requires": true,
  "dependencies": {
    "@types/node": {
      "version": "14.0.11",
      "resolved": "https://registry.npmjs.org/@types/node/-/node-14.0.11.tgz",
      "integrity": "sha512-lCvvI24L21ZVeIiyIUHZ5Oflv1hhHQ5E1S25IRlKIXaRkVgmXpJMI3wUJkmym2bTbCe+WoIibQnMVAU3FguaOg==",
      "dev": true
    },
    "@types/papaparse": {
      "version": "4.5.11",
      "resolved": "https://registry.npmjs.org/@types/papaparse/-/papaparse-4.5.11.tgz",
      "integrity": "sha512-zOw6K7YyA/NuZ2yZ8lzZFe2U3fn+vFfcRfiQp4ZJHG6y8WYWy2SYFbq6mp4yUgpIruJHBjKZtgyE0vvCoWEq+A==",
      "dev": true,
      "requires": {
        "@types/node": "*"
      }
    },
    "axios": {
      "version": "0.21.1",
      "resolved": "https://registry.npmjs.org/axios/-/axios-0.21.1.tgz",
      "integrity": "sha512-dKQiRHxGD9PPRIUNIWvZhPTPpl1rf/OxTYKsqKUDjBwYylTvV7SjSHJb9ratfyzM6wCdLCOYLzs73qpg5c4iGA==",
      "requires": {
        "follow-redirects": "^1.10.0"
      }
    },
    "follow-redirects": {
      "version": "1.13.1",
      "resolved": "https://registry.npmjs.org/follow-redirects/-/follow-redirects-1.13.1.tgz",
      "integrity": "sha512-SSG5xmZh1mkPGyKzjZP8zLjltIfpW32Y5QpdNJyjcfGxK3qo3NDDkZOZSFiGn1A6SclQxY9GzEwAHQ3dmYRWpg=="
    },
    "typescript": {
      "version": "3.9.5",
      "resolved": "https://registry.npmjs.org/typescript/-/typescript-3.9.5.tgz",
      "integrity": "sha512-hSAifV3k+i6lEoCJ2k6R2Z/rp/H3+8sdmcn5NrS3/3kE7+RyZXm9aqvxWqjEXHAd8b0pShatpcdMTvEdvAJltQ==",
      "dev": true
    }
  }
}
